
Microsoft Visual Studio Solution File, Format Version 12.00
# Visual Studio Version 17
VisualStudioVersion = 17.11.35303.130
MinimumVisualStudioVersion = 10.0.40219.1
Project("{FAE04EC0-301F-11D3-BF4B-00C04F79EFBC}") = "Quan Ly Nhan Vien", "Quan Ly Nhan Vien\Quan Ly Nhan Vien.csproj", "{008F6764-F2B9-4C8E-ADC5-81C0EB658AC1}"
EndProject
Global
	GlobalSection(SolutionConfigurationPlatforms) = preSolution
		Debug|Any CPU = Debug|Any CPU
		Release|Any CPU = Release|Any CPU
	EndGlobalSection
	GlobalSection(ProjectConfigurationPlatforms) = postSolution
		{008F6764-F2B9-4C8E-ADC5-81C0EB658AC1}.Debug|Any CPU.ActiveCfg = Debug|Any CPU
		{008F6764-F2B9-4C8E-ADC5-81C0EB658AC1}.Debug|Any CPU.Build.0 = Debug|Any CPU
		{008F6764-F2B9-4C8E-ADC5-81C0EB658AC1}.Release|Any CPU.ActiveCfg = Release|Any CPU
		{008F6764-F2B9-4C8E-ADC5-81C0EB658AC1}.Release|Any CPU.Build.0 = Release|Any CPU
	EndGlobalSection
	GlobalSection(SolutionProperties) = preSolution
		HideSolutionNode = FALSE
	EndGlobalSection
	GlobalSection(ExtensibilityGlobals) = postSolution
		SolutionGuid = {D20039E9-4346-4507-9D7F-2CB5BFFC6CC9}
	EndGlobalSection
EndGlobal
